// !$*UTF8*$!
{
	archiveVersion = 1;
	classes = {
	};
	objectVersion = 46;
	objects = {

/* Begin PBXBuildFile section */
		39547EF41F35EAC5004BBD4C /* main.m in Sources */ = {isa = PBXBuildFile; fileRef = 39547EF31F35EAC5004BBD4C /* main.m */; };
		39547EF71F35EAC5004BBD4C /* AppDelegate.m in Sources */ = {isa = PBXBuildFile; fileRef = 39547EF61F35EAC5004BBD4C /* AppDelegate.m */; };
		39547EFD1F35EAC5004BBD4C /* Main.storyboard in Resources */ = {isa = PBXBuildFile; fileRef = 39547EFB1F35EAC5004BBD4C /* Main.storyboard */; };
		39547F001F35EAC5004BBD4C /* HackathonRioQuente.xcdatamodeld in Sources */ = {isa = PBXBuildFile; fileRef = 39547EFE1F35EAC5004BBD4C /* HackathonRioQuente.xcdatamodeld */; };
		39547F021F35EAC5004BBD4C /* Assets.xcassets in Resources */ = {isa = PBXBuildFile; fileRef = 39547F011F35EAC5004BBD4C /* Assets.xcassets */; };
		39547F051F35EAC5004BBD4C /* LaunchScreen.storyboard in Resources */ = {isa = PBXBuildFile; fileRef = 39547F031F35EAC5004BBD4C /* LaunchScreen.storyboard */; };
		39547F0E1F35ED5C004BBD4C /* FotosCollectionViewController.m in Sources */ = {isa = PBXBuildFile; fileRef = 39547F0D1F35ED5C004BBD4C /* FotosCollectionViewController.m */; };
		39547F121F35F696004BBD4C /* CoracaoView.m in Sources */ = {isa = PBXBuildFile; fileRef = 39547F111F35F696004BBD4C /* CoracaoView.m */; };
		39547F151F35F726004BBD4C /* PhotoCellCollectionViewCell.m in Sources */ = {isa = PBXBuildFile; fileRef = 39547F141F35F726004BBD4C /* PhotoCellCollectionViewCell.m */; };
		39547F191F36B393004BBD4C /* Photo.m in Sources */ = {isa = PBXBuildFile; fileRef = 39547F181F36B393004BBD4C /* Photo.m */; };
		39547F1B1F36B669004BBD4C /* GoogleService-Info.plist in Resources */ = {isa = PBXBuildFile; fileRef = 39547F1A1F36B669004BBD4C /* GoogleService-Info.plist */; };
		74C5C456A72FDA1373210841 /* libPods-HackathonRioQuente.a in Frameworks */ = {isa = PBXBuildFile; fileRef = 98DCCEA891A907AC5936FBA9 /* libPods-HackathonRioQuente.a */; };
/* End PBXBuildFile section */

/* Begin PBXFileReference section */
		1C94207BE7C47E42ED3DF2E3 /* Pods-HackathonRioQuente.debug.xcconfig */ = {isa = PBXFileReference; includeInIndex = 1; lastKnownFileType = text.xcconfig; name = "Pods-HackathonRioQuente.debug.xcconfig"; path = "Pods/Target Support Files/Pods-HackathonRioQuente/Pods-HackathonRioQuente.debug.xcconfig"; sourceTree = "<group>"; };
		37ADAD58CDE3530524444D1B /* Pods-HackathonRioQuente.release.xcconfig */ = {isa = PBXFileReference; includeInIndex = 1; lastKnownFileType = text.xcconfig; name = "Pods-HackathonRioQuente.release.xcconfig"; path = "Pods/Target Support Files/Pods-HackathonRioQuente/Pods-HackathonRioQuente.release.xcconfig"; sourceTree = "<group>"; };
		39547EEF1F35EAC5004BBD4C /* HackathonRioQuente.app */ = {isa = PBXFileReference; explicitFileType = wrapper.application; includeInIndex = 0; path = HackathonRioQuente.app; sourceTree = BUILT_PRODUCTS_DIR; };
		39547EF31F35EAC5004BBD4C /* main.m */ = {isa = PBXFileReference; lastKnownFileType = sourcecode.c.objc; path = main.m; sourceTree = "<group>"; };
		39547EF51F35EAC5004BBD4C /* AppDelegate.h */ = {isa = PBXFileReference; lastKnownFileType = sourcecode.c.h; path = AppDelegate.h; sourceTree = "<group>"; };
		39547EF61F35EAC5004BBD4C /* AppDelegate.m */ = {isa = PBXFileReference; lastKnownFileType = sourcecode.c.objc; path = AppDelegate.m; sourceTree = "<group>"; };
		39547EFC1F35EAC5004BBD4C /* Base */ = {isa = PBXFileReference; lastKnownFileType = file.storyboard; name = Base; path = Base.lproj/Main.storyboard; sourceTree = "<group>"; };
		39547EFF1F35EAC5004BBD4C /* HackathonRioQuente.xcdatamodel */ = {isa = PBXFileReference; lastKnownFileType = wrapper.xcdatamodel; path = HackathonRioQuente.xcdatamodel; sourceTree = "<group>"; };
		39547F011F35EAC5004BBD4C /* Assets.xcassets */ = {isa = PBXFileReference; lastKnownFileType = folder.assetcatalog; path = Assets.xcassets; sourceTree = "<group>"; };
		39547F041F35EAC5004BBD4C /* Base */ = {isa = PBXFileReference; lastKnownFileType = file.storyboard; name = Base; path = Base.lproj/LaunchScreen.storyboard; sourceTree = "<group>"; };
		39547F061F35EAC5004BBD4C /* Info.plist */ = {isa = PBXFileReference; lastKnownFileType = text.plist.xml; path = Info.plist; sourceTree = "<group>"; };
		39547F0C1F35ED5C004BBD4C /* FotosCollectionViewController.h */ = {isa = PBXFileReference; fileEncoding = 4; lastKnownFileType = sourcecode.c.h; path = FotosCollectionViewController.h; sourceTree = "<group>"; };
		39547F0D1F35ED5C004BBD4C /* FotosCollectionViewController.m */ = {isa = PBXFileReference; fileEncoding = 4; lastKnownFileType = sourcecode.c.objc; path = FotosCollectionViewController.m; sourceTree = "<group>"; };
		39547F101F35F696004BBD4C /* CoracaoView.h */ = {isa = PBXFileReference; fileEncoding = 4; lastKnownFileType = sourcecode.c.h; path = CoracaoView.h; sourceTree = "<group>"; };
		39547F111F35F696004BBD4C /* CoracaoView.m */ = {isa = PBXFileReference; fileEncoding = 4; lastKnownFileType = sourcecode.c.objc; path = CoracaoView.m; sourceTree = "<group>"; };
		39547F131F35F726004BBD4C /* PhotoCellCollectionViewCell.h */ = {isa = PBXFileReference; fileEncoding = 4; lastKnownFileType = sourcecode.c.h; path = PhotoCellCollectionViewCell.h; sourceTree = "<group>"; };
		39547F141F35F726004BBD4C /* PhotoCellCollectionViewCell.m */ = {isa = PBXFileReference; fileEncoding = 4; lastKnownFileType = sourcecode.c.objc; path = PhotoCellCollectionViewCell.m; sourceTree = "<group>"; };
		39547F171F36B393004BBD4C /* Photo.h */ = {isa = PBXFileReference; fileEncoding = 4; lastKnownFileType = sourcecode.c.h; path = Photo.h; sourceTree = "<group>"; };
		39547F181F36B393004BBD4C /* Photo.m */ = {isa = PBXFileReference; fileEncoding = 4; lastKnownFileType = sourcecode.c.objc; path = Photo.m; sourceTree = "<group>"; };
		39547F1A1F36B669004BBD4C /* GoogleService-Info.plist */ = {isa = PBXFileReference; fileEncoding = 4; lastKnownFileType = text.plist.xml; path = "GoogleService-Info.plist"; sourceTree = "<group>"; };
		98DCCEA891A907AC5936FBA9 /* libPods-HackathonRioQuente.a */ = {isa = PBXFileReference; explicitFileType = archive.ar; includeInIndex = 0; path = "libPods-HackathonRioQuente.a"; sourceTree = BUILT_PRODUCTS_DIR; };
/* End PBXFileReference section */

/* Begin PBXFrameworksBuildPhase section */
		39547EEC1F35EAC5004BBD4C /* Frameworks */ = {
			isa = PBXFrameworksBuildPhase;
			buildActionMask = 2147483647;
			files = (
				74C5C456A72FDA1373210841 /* libPods-HackathonRioQuente.a in Frameworks */,
			);
			runOnlyForDeploymentPostprocessing = 0;
		};
/* End PBXFrameworksBuildPhase section */

/* Begin PBXGroup section */
		39547EE61F35EAC5004BBD4C = {
			isa = PBXGroup;
			children = (
				39547EF11F35EAC5004BBD4C /* HackathonRioQuente */,
				39547EF01F35EAC5004BBD4C /* Products */,
				48A4F30DD3EF9CCA1D2AB90C /* Pods */,
				E0A5BF8634D8A704CCD12B8C /* Frameworks */,
			);
			sourceTree = "<group>";
		};
		39547EF01F35EAC5004BBD4C /* Products */ = {
			isa = PBXGroup;
			children = (
				39547EEF1F35EAC5004BBD4C /* HackathonRioQuente.app */,
			);
			name = Products;
			sourceTree = "<group>";
		};
		39547EF11F35EAC5004BBD4C /* HackathonRioQuente */ = {
			isa = PBXGroup;
			children = (
				39547EFB1F35EAC5004BBD4C /* Main.storyboard */,
				39547F0C1F35ED5C004BBD4C /* FotosCollectionViewController.h */,
				39547F0D1F35ED5C004BBD4C /* FotosCollectionViewController.m */,
				39547F161F36B37E004BBD4C /* Model */,
				39547F0F1F35F68A004BBD4C /* CustomViews */,
				39547EF21F35EAC5004BBD4C /* Supporting Files */,
			);
			path = HackathonRioQuente;
			sourceTree = "<group>";
		};
		39547EF21F35EAC5004BBD4C /* Supporting Files */ = {
			isa = PBXGroup;
			children = (
				39547F1A1F36B669004BBD4C /* GoogleService-Info.plist */,
				39547F011F35EAC5004BBD4C /* Assets.xcassets */,
				39547F031F35EAC5004BBD4C /* LaunchScreen.storyboard */,
				39547EF51F35EAC5004BBD4C /* AppDelegate.h */,
				39547EF61F35EAC5004BBD4C /* AppDelegate.m */,
				39547F061F35EAC5004BBD4C /* Info.plist */,
				39547EFE1F35EAC5004BBD4C /* HackathonRioQuente.xcdatamodeld */,
				39547EF31F35EAC5004BBD4C /* main.m */,
			);
			name = "Supporting Files";
			sourceTree = "<group>";
		};
		39547F0F1F35F68A004BBD4C /* CustomViews */ = {
			isa = PBXGroup;
			children = (
				39547F101F35F696004BBD4C /* CoracaoView.h */,
				39547F111F35F696004BBD4C /* CoracaoView.m */,
				39547F131F35F726004BBD4C /* PhotoCellCollectionViewCell.h */,
				39547F141F35F726004BBD4C /* PhotoCellCollectionViewCell.m */,
			);
			name = CustomViews;
			sourceTree = "<group>";
		};
		39547F161F36B37E004BBD4C /* Model */ = {
			isa = PBXGroup;
			children = (
				39547F171F36B393004BBD4C /* Photo.h */,
				39547F181F36B393004BBD4C /* Photo.m */,
			);
			name = Model;
			sourceTree = "<group>";
		};
		48A4F30DD3EF9CCA1D2AB90C /* Pods */ = {
			isa = PBXGroup;
			children = (
				1C94207BE7C47E42ED3DF2E3 /* Pods-HackathonRioQuente.debug.xcconfig */,
				37ADAD58CDE3530524444D1B /* Pods-HackathonRioQuente.release.xcconfig */,
			);
			name = Pods;
			sourceTree = "<group>";
		};
		E0A5BF8634D8A704CCD12B8C /* Frameworks */ = {
			isa = PBXGroup;
			children = (
				98DCCEA891A907AC5936FBA9 /* libPods-HackathonRioQuente.a */,
			);
			name = Frameworks;
			sourceTree = "<group>";
		};
/* End PBXGroup section */

/* Begin PBXNativeTarget section */
		39547EEE1F35EAC5004BBD4C /* HackathonRioQuente */ = {
			isa = PBXNativeTarget;
			buildConfigurationList = 39547F091F35EAC5004BBD4C /* Build configuration list for PBXNativeTarget "HackathonRioQuente" */;
			buildPhases = (
				3A224729055E99DED2A72B86 /* [CP] Check Pods Manifest.lock */,
				39547EEB1F35EAC5004BBD4C /* Sources */,
				39547EEC1F35EAC5004BBD4C /* Frameworks */,
				39547EED1F35EAC5004BBD4C /* Resources */,
				7A2F28B69868CA49123F9E66 /* [CP] Embed Pods Frameworks */,
				39BCFF0AF5A0C36326CB3245 /* [CP] Copy Pods Resources */,
			);
			buildRules = (
			);
			dependencies = (
			);
			name = HackathonRioQuente;
			productName = HackathonRioQuente;
			productReference = 39547EEF1F35EAC5004BBD4C /* HackathonRioQuente.app */;
			productType = "com.apple.product-type.application";
		};
/* End PBXNativeTarget section */

/* Begin PBXProject section */
		39547EE71F35EAC5004BBD4C /* Project object */ = {
			isa = PBXProject;
			attributes = {
				LastUpgradeCheck = 0830;
				ORGANIZATIONNAME = Construtor;
				TargetAttributes = {
					39547EEE1F35EAC5004BBD4C = {
						CreatedOnToolsVersion = 8.3.3;
						DevelopmentTeam = 6CEJZ72DDU;
						ProvisioningStyle = Automatic;
					};
				};
			};
			buildConfigurationList = 39547EEA1F35EAC5004BBD4C /* Build configuration list for PBXProject "HackathonRioQuente" */;
			compatibilityVersion = "Xcode 3.2";
			developmentRegion = English;
			hasScannedForEncodings = 0;
			knownRegions = (
				en,
				Base,
			);
			mainGroup = 39547EE61F35EAC5004BBD4C;
			productRefGroup = 39547EF01F35EAC5004BBD4C /* Products */;
			projectDirPath = "";
			projectRoot = "";
			targets = (
				39547EEE1F35EAC5004BBD4C /* HackathonRioQuente */,
			);
		};
/* End PBXProject section */

/* Begin PBXResourcesBuildPhase section */
		39547EED1F35EAC5004BBD4C /* Resources */ = {
			isa = PBXResourcesBuildPhase;
			buildActionMask = 2147483647;
			files = (
				39547F051F35EAC5004BBD4C /* LaunchScreen.storyboard in Resources */,
				39547F1B1F36B669004BBD4C /* GoogleService-Info.plist in Resources */,
				39547F021F35EAC5004BBD4C /* Assets.xcassets in Resources */,
				39547EFD1F35EAC5004BBD4C /* Main.storyboard in Resources */,
			);
			runOnlyForDeploymentPostprocessing = 0;
		};
/* End PBXResourcesBuildPhase section */

/* Begin PBXShellScriptBuildPhase section */
		39BCFF0AF5A0C36326CB3245 /* [CP] Copy Pods Resources */ = {
			isa = PBXShellScriptBuildPhase;
			buildActionMask = 2147483647;
			files = (
			);
			inputPaths = (
			);
			name = "[CP] Copy Pods Resources";
			outputPaths = (
			);
			runOnlyForDeploymentPostprocessing = 0;
			shellPath = /bin/sh;
			shellScript = "\"${SRCROOT}/Pods/Target Support Files/Pods-HackathonRioQuente/Pods-HackathonRioQuente-resources.sh\"\n";
			showEnvVarsInLog = 0;
		};
		3A224729055E99DED2A72B86 /* [CP] Check Pods Manifest.lock */ = {
			isa = PBXShellScriptBuildPhase;
			buildActionMask = 2147483647;
			files = (
			);
			inputPaths = (
			);
			name = "[CP] Check Pods Manifest.lock";
			outputPaths = (
			);
			runOnlyForDeploymentPostprocessing = 0;
			shellPath = /bin/sh;
			shellScript = "diff \"${PODS_ROOT}/../Podfile.lock\" \"${PODS_ROOT}/Manifest.lock\" > /dev/null\nif [ $? != 0 ] ; then\n    # print error to STDERR\n    echo \"error: The sandbox is not in sync with the Podfile.lock. Run 'pod install' or update your CocoaPods installation.\" >&2\n    exit 1\nfi\n";
			showEnvVarsInLog = 0;
		};
		7A2F28B69868CA49123F9E66 /* [CP] Embed Pods Frameworks */ = {
			isa = PBXShellScriptBuildPhase;
			buildActionMask = 2147483647;
			files = (
			);
			inputPaths = (
			);
			name = "[CP] Embed Pods Frameworks";
			outputPaths = (
			);
			runOnlyForDeploymentPostprocessing = 0;
			shellPath = /bin/sh;
			shellScript = "\"${SRCROOT}/Pods/Target Support Files/Pods-HackathonRioQuente/Pods-HackathonRioQuente-frameworks.sh\"\n";
			showEnvVarsInLog = 0;
		};
/* End PBXShellScriptBuildPhase section */

/* Begin PBXSourcesBuildPhase section */
		39547EEB1F35EAC5004BBD4C /* Sources */ = {
			isa = PBXSourcesBuildPhase;
			buildActionMask = 2147483647;
			files = (
				39547F191F36B393004BBD4C /* Photo.m in Sources */,
				39547F001F35EAC5004BBD4C /* HackathonRioQuente.xcdatamodeld in Sources */,
				39547F151F35F726004BBD4C /* PhotoCellCollectionViewCell.m in Sources */,
				39547EF71F35EAC5004BBD4C /* AppDelegate.m in Sources */,
				39547EF41F35EAC5004BBD4C /* main.m in Sources */,
				39547F0E1F35ED5C004BBD4C /* FotosCollectionViewController.m in Sources */,
				39547F121F35F696004BBD4C /* CoracaoView.m in Sources */,
			);
			runOnlyForDeploymentPostprocessing = 0;
		};
/* End PBXSourcesBuildPhase section */

/* Begin PBXVariantGroup section */
		39547EFB1F35EAC5004BBD4C /* Main.storyboard */ = {
			isa = PBXVariantGroup;
			children = (
				39547EFC1F35EAC5004BBD4C /* Base */,
			);
			name = Main.storyboard;
			sourceTree = "<group>";
		};
		39547F031F35EAC5004BBD4C /* LaunchScreen.storyboard */ = {
			isa = PBXVariantGroup;
			children = (
				39547F041F35EAC5004BBD4C /* Base */,
			);
			name = LaunchScreen.storyboard;
			sourceTree = "<group>";
		};
/* End PBXVariantGroup section */

/* Begin XCBuildConfiguration section */
		39547F071F35EAC5004BBD4C /* Debug */ = {
			isa = XCBuildConfiguration;
			buildSettings = {
				ALWAYS_SEARCH_USER_PATHS = NO;
				CLANG_ANALYZER_NONNULL = YES;
				CLANG_ANALYZER_NUMBER_OBJECT_CONVERSION = YES_AGGRESSIVE;
				CLANG_CXX_LANGUAGE_STANDARD = "gnu++0x";
				CLANG_CXX_LIBRARY = "libc++";
				CLANG_ENABLE_MODULES = YES;
				CLANG_ENABLE_OBJC_ARC = YES;
				CLANG_WARN_BOOL_CONVERSION = YES;
				CLANG_WARN_CONSTANT_CONVERSION = YES;
				CLANG_WARN_DIRECT_OBJC_ISA_USAGE = YES_ERROR;
				CLANG_WARN_DOCUMENTATION_COMMENTS = YES;
				CLANG_WARN_EMPTY_BODY = YES;
				CLANG_WARN_ENUM_CONVERSION = YES;
				CLANG_WARN_INFINITE_RECURSION = YES;
				CLANG_WARN_INT_CONVERSION = YES;
				CLANG_WARN_OBJC_ROOT_CLASS = YES_ERROR;
				CLANG_WARN_SUSPICIOUS_MOVE = YES;
				CLANG_WARN_UNREACHABLE_CODE = YES;
				CLANG_WARN__DUPLICATE_METHOD_MATCH = YES;
				"CODE_SIGN_IDENTITY[sdk=iphoneos*]" = "iPhone Developer";
				COPY_PHASE_STRIP = NO;
				DEBUG_INFORMATION_FORMAT = dwarf;
				ENABLE_STRICT_OBJC_MSGSEND = YES;
				ENABLE_TESTABILITY = YES;
				GCC_C_LANGUAGE_STANDARD = gnu99;
				GCC_DYNAMIC_NO_PIC = NO;
				GCC_NO_COMMON_BLOCKS = YES;
				GCC_OPTIMIZATION_LEVEL = 0;
				GCC_PREPROCESSOR_DEFINITIONS = (
					"DEBUG=1",
					"$(inherited)",
				);
				GCC_WARN_64_TO_32_BIT_CONVERSION = YES;
				GCC_WARN_ABOUT_RETURN_TYPE = YES_ERROR;
				GCC_WARN_UNDECLARED_SELECTOR = YES;
				GCC_WARN_UNINITIALIZED_AUTOS = YES_AGGRESSIVE;
				GCC_WARN_UNUSED_FUNCTION = YES;
				GCC_WARN_UNUSED_VARIABLE = YES;
				IPHONEOS_DEPLOYMENT_TARGET = 10.3;
				MTL_ENABLE_DEBUG_INFO = YES;
				ONLY_ACTIVE_ARCH = YES;
				SDKROOT = iphoneos;
			};
			name = Debug;
		};
		39547F081F35EAC5004BBD4C /* Release */ = {
			isa = XCBuildConfiguration;
			buildSettings = {
				ALWAYS_SEARCH_USER_PATHS = NO;
				CLANG_ANALYZER_NONNULL = YES;
				CLANG_ANALYZER_NUMBER_OBJECT_CONVERSION = YES_AGGRESSIVE;
				CLANG_CXX_LANGUAGE_STANDARD = "gnu++0x";
				CLANG_CXX_LIBRARY = "libc++";
				CLANG_ENABLE_MODULES = YES;
				CLANG_ENABLE_OBJC_ARC = YES;
				CLANG_WARN_BOOL_CONVERSION = YES;
				CLANG_WARN_CONSTANT_CONVERSION = YES;
				CLANG_WARN_DIRECT_OBJC_ISA_USAGE = YES_ERROR;
				CLANG_WARN_DOCUMENTATION_COMMENTS = YES;
				CLANG_WARN_EMPTY_BODY = YES;
				CLANG_WARN_ENUM_CONVERSION = YES;
				CLANG_WARN_INFINITE_RECURSION = YES;
				CLANG_WARN_INT_CONVERSION = YES;
				CLANG_WARN_OBJC_ROOT_CLASS = YES_ERROR;
				CLANG_WARN_SUSPICIOUS_MOVE = YES;
				CLANG_WARN_UNREACHABLE_CODE = YES;
				CLANG_WARN__DUPLICATE_METHOD_MATCH = YES;
				"CODE_SIGN_IDENTITY[sdk=iphoneos*]" = "iPhone Developer";
				COPY_PHASE_STRIP = NO;
				DEBUG_INFORMATION_FORMAT = "dwarf-with-dsym";
				ENABLE_NS_ASSERTIONS = NO;
				ENABLE_STRICT_OBJC_MSGSEND = YES;
				GCC_C_LANGUAGE_STANDARD = gnu99;
				GCC_NO_COMMON_BLOCKS = YES;
				GCC_WARN_64_TO_32_BIT_CONVERSION = YES;
				GCC_WARN_ABOUT_RETURN_TYPE = YES_ERROR;
				GCC_WARN_UNDECLARED_SELECTOR = YES;
				GCC_WARN_UNINITIALIZED_AUTOS = YES_AGGRESSIVE;
				GCC_WARN_UNUSED_FUNCTION = YES;
				GCC_WARN_UNUSED_VARIABLE = YES;
				IPHONEOS_DEPLOYMENT_TARGET = 10.3;
				MTL_ENABLE_DEBUG_INFO = NO;
				SDKROOT = iphoneos;
				VALIDATE_PRODUCT = YES;
			};
			name = Release;
		};
		39547F0A1F35EAC5004BBD4C /* Debug */ = {
			isa = XCBuildConfiguration;
			baseConfigurationReference = 1C94207BE7C47E42ED3DF2E3 /* Pods-HackathonRioQuente.debug.xcconfig */;
			buildSettings = {
				ASSETCATALOG_COMPILER_APPICON_NAME = AppIcon;
				DEVELOPMENT_TEAM = 6CEJZ72DDU;
				INFOPLIST_FILE = HackathonRioQuente/Info.plist;
				LD_RUNPATH_SEARCH_PATHS = "$(inherited) @executable_path/Frameworks";
				PRODUCT_BUNDLE_IDENTIFIER = br.com.construtor.HackathonRioQuente;
				PRODUCT_NAME = "$(TARGET_NAME)";
			};
			name = Debug;
		};
		39547F0B1F35EAC5004BBD4C /* Release */ = {
			isa = XCBuildConfiguration;
			baseConfigurationReference = 37ADAD58CDE3530524444D1B /* Pods-HackathonRioQuente.release.xcconfig */;
			buildSettings = {
				ASSETCATALOG_COMPILER_APPICON_NAME = AppIcon;
				DEVELOPMENT_TEAM = 6CEJZ72DDU;
				INFOPLIST_FILE = HackathonRioQuente/Info.plist;
				LD_RUNPATH_SEARCH_PATHS = "$(inherited) @executable_path/Frameworks";
				PRODUCT_BUNDLE_IDENTIFIER = br.com.construtor.HackathonRioQuente;
				PRODUCT_NAME = "$(TARGET_NAME)";
			};
			name = Release;
		};
/* End XCBuildConfiguration section */

/* Begin XCConfigurationList section */
		39547EEA1F35EAC5004BBD4C /* Build configuration list for PBXProject "HackathonRioQuente" */ = {
			isa = XCConfigurationList;
			buildConfigurations = (
				39547F071F35EAC5004BBD4C /* Debug */,
				39547F081F35EAC5004BBD4C /* Release */,
			);
			defaultConfigurationIsVisible = 0;
			defaultConfigurationName = Release;
		};
		39547F091F35EAC5004BBD4C /* Build configuration list for PBXNativeTarget "HackathonRioQuente" */ = {
			isa = XCConfigurationList;
			buildConfigurations = (
				39547F0A1F35EAC5004BBD4C /* Debug */,
				39547F0B1F35EAC5004BBD4C /* Release */,
			);
			defaultConfigurationIsVisible = 0;
			defaultConfigurationName = Release;
		};
/* End XCConfigurationList section */

/* Begin XCVersionGroup section */
		39547EFE1F35EAC5004BBD4C /* HackathonRioQuente.xcdatamodeld */ = {
			isa = XCVersionGroup;
			children = (
				39547EFF1F35EAC5004BBD4C /* HackathonRioQuente.xcdatamodel */,
			);
			currentVersion = 39547EFF1F35EAC5004BBD4C /* HackathonRioQuente.xcdatamodel */;
			path = HackathonRioQuente.xcdatamodeld;
			sourceTree = "<group>";
			versionGroupType = wrapper.xcdatamodel;
		};
/* End XCVersionGroup section */
	};
	rootObject = 39547EE71F35EAC5004BBD4C /* Project object */;
}
